
Microsoft Visual Studio Solution File, Format Version 12.00
# Visual Studio Version 17
VisualStudioVersion = 17.5.002.0
MinimumVisualStudioVersion = 10.0.40219.1
Project("{9A19103F-16F7-4668-BE54-9A1E7A4F7556}") = "PowerAI", "PowerAI.csproj", "{78CAD3F2-04B4-4A39-A7A0-B9C7020074CA}"
EndProject
Global
	GlobalSection(SolutionConfigurationPlatforms) = preSolution
		Debug|Any CPU = Debug|Any CPU
		Release|Any CPU = Release|Any CPU
	EndGlobalSection
	GlobalSection(ProjectConfigurationPlatforms) = postSolution
		{78CAD3F2-04B4-4A39-A7A0-B9C7020074CA}.Debug|Any CPU.ActiveCfg = Debug|Any CPU
		{78CAD3F2-04B4-4A39-A7A0-B9C7020074CA}.Debug|Any CPU.Build.0 = Debug|Any CPU
		{78CAD3F2-04B4-4A39-A7A0-B9C7020074CA}.Release|Any CPU.ActiveCfg = Release|Any CPU
		{78CAD3F2-04B4-4A39-A7A0-B9C7020074CA}.Release|Any CPU.Build.0 = Release|Any CPU
	EndGlobalSection
	GlobalSection(SolutionProperties) = preSolution
		HideSolutionNode = FALSE
	EndGlobalSection
	GlobalSection(ExtensibilityGlobals) = postSolution
		SolutionGuid = {CEC60723-8CEC-45FB-AE8D-AA31AA7CECC2}
	EndGlobalSection
EndGlobal
